
Microsoft Visual Studio Solution File, Format Version 12.00
# Visual Studio Version 16
VisualStudioVersion = 16.0.31729.503
MinimumVisualStudioVersion = 10.0.40219.1
Project("{FAE04EC0-301F-11D3-BF4B-00C04F79EFBC}") = "FinalLab", "FinalLab.csproj", "{44C875AA-E175-4D88-A2E9-2A581380798F}"
EndProject
Global
	GlobalSection(SolutionConfigurationPlatforms) = preSolution
		Debug|Any CPU = Debug|Any CPU
		Release|Any CPU = Release|Any CPU
	EndGlobalSection
	GlobalSection(ProjectConfigurationPlatforms) = postSolution
		{44C875AA-E175-4D88-A2E9-2A581380798F}.Debug|Any CPU.ActiveCfg = Debug|Any CPU
		{44C875AA-E175-4D88-A2E9-2A581380798F}.Debug|Any CPU.Build.0 = Debug|Any CPU
		{44C875AA-E175-4D88-A2E9-2A581380798F}.Release|Any CPU.ActiveCfg = Release|Any CPU
		{44C875AA-E175-4D88-A2E9-2A581380798F}.Release|Any CPU.Build.0 = Release|Any CPU
	EndGlobalSection
	GlobalSection(SolutionProperties) = preSolution
		HideSolutionNode = FALSE
	EndGlobalSection
	GlobalSection(ExtensibilityGlobals) = postSolution
		SolutionGuid = {09612E8F-3B44-4C54-BEE0-50696090B66E}
	EndGlobalSection
EndGlobal
